Microsoft Visual Studio Solution File, Format Version 12.00
# Visual Studio 2012
Project("{FAE04EC0-301F-11D3-BF4B-00C04F79EFBC}") = "Falling", "Falling.csproj", "{7DD5F3BE-193D-473D-AB73-2496C7CF9CBB}"
EndProject
Global
	GlobalSection(SolutionConfigurationPlatforms) = preSolution
	Debug|Any CPU = Debug|Any CPU
	Release|Any CPU = Release|Any CPU
	Tools|Any CPU = Tools|Any CPU
	EndGlobalSection
	GlobalSection(ProjectConfigurationPlatforms) = postSolution
		{7DD5F3BE-193D-473D-AB73-2496C7CF9CBB}.Debug|Any CPU.ActiveCfg = Debug|Any CPU
		{7DD5F3BE-193D-473D-AB73-2496C7CF9CBB}.Debug|Any CPU.Build.0 = Debug|Any CPU
		{7DD5F3BE-193D-473D-AB73-2496C7CF9CBB}.Release|Any CPU.ActiveCfg = Release|Any CPU
		{7DD5F3BE-193D-473D-AB73-2496C7CF9CBB}.Release|Any CPU.Build.0 = Release|Any CPU
		{7DD5F3BE-193D-473D-AB73-2496C7CF9CBB}.Tools|Any CPU.ActiveCfg = Tools|Any CPU
		{7DD5F3BE-193D-473D-AB73-2496C7CF9CBB}.Tools|Any CPU.Build.0 = Tools|Any CPU
	EndGlobalSection
EndGlobal
